{
  "originHash" : "1278d409af2f28b0543bf6d27d3c1f7a45c3c2b171b792aeb6ae95f7bb596874",
  "pins" : [
    {
      "identity" : "base58swift",
      "kind" : "remoteSourceControl",
      "location" : "https://github.com/heckj/Base58Swift.git",
      "state" : {
        "revision" : "3ba16c02089401c817b631ffc33ca8f022a41538",
        "version" : "2.1.15"
      }
    },
    {
      "identity" : "bigint",
      "kind" : "remoteSourceControl",
      "location" : "https://github.com/attaswift/BigInt.git",
      "state" : {
        "revision" : "114343a705df4725dfe7ab8a2a326b8883cfd79c",
        "version" : "5.5.1"
      }
    }
  ],
  "version" : 3
}
